
Microsoft Visual Studio Solution File, Format Version 12.00
# Visual Studio Version 17
VisualStudioVersion = 17.1.32414.318
MinimumVisualStudioVersion = 10.0.40219.1
Project("{9A19103F-16F7-4668-BE54-9A1E7A4F7556}") = "Megame_support.Web", "WebApp\Megame_support.Web.csproj", "{039C91FC-A451-4AF5-AB8E-E386C3A80755}"
EndProject
Project("{9A19103F-16F7-4668-BE54-9A1E7A4F7556}") = "Megame_support.Db", "Db\Megame_support.Db.csproj", "{34EB185F-3220-4CD3-BFB6-DDB647D9E6F7}"
EndProject
Project("{9A19103F-16F7-4668-BE54-9A1E7A4F7556}") = "Megame_support.API", "API\Megame_support.API.csproj", "{039DEE7E-10B2-4A4F-B454-3054012E2BB8}"
EndProject
Project("{FAE04EC0-301F-11D3-BF4B-00C04F79EFBC}") = "Assembly-CSharp", "Unity_Client\Assembly-CSharp.csproj", "{39AB0C2E-3A72-220D-C918-848998D211BB}"
EndProject
Global
	GlobalSection(SolutionConfigurationPlatforms) = preSolution
		Debug|Any CPU = Debug|Any CPU
		Release|Any CPU = Release|Any CPU
	EndGlobalSection
	GlobalSection(ProjectConfigurationPlatforms) = postSolution
		{039C91FC-A451-4AF5-AB8E-E386C3A80755}.Debug|Any CPU.ActiveCfg = Debug|Any CPU
		{039C91FC-A451-4AF5-AB8E-E386C3A80755}.Debug|Any CPU.Build.0 = Debug|Any CPU
		{039C91FC-A451-4AF5-AB8E-E386C3A80755}.Release|Any CPU.ActiveCfg = Release|Any CPU
		{039C91FC-A451-4AF5-AB8E-E386C3A80755}.Release|Any CPU.Build.0 = Release|Any CPU
		{34EB185F-3220-4CD3-BFB6-DDB647D9E6F7}.Debug|Any CPU.ActiveCfg = Debug|Any CPU
		{34EB185F-3220-4CD3-BFB6-DDB647D9E6F7}.Debug|Any CPU.Build.0 = Debug|Any CPU
		{34EB185F-3220-4CD3-BFB6-DDB647D9E6F7}.Release|Any CPU.ActiveCfg = Release|Any CPU
		{34EB185F-3220-4CD3-BFB6-DDB647D9E6F7}.Release|Any CPU.Build.0 = Release|Any CPU
		{039DEE7E-10B2-4A4F-B454-3054012E2BB8}.Debug|Any CPU.ActiveCfg = Debug|Any CPU
		{039DEE7E-10B2-4A4F-B454-3054012E2BB8}.Debug|Any CPU.Build.0 = Debug|Any CPU
		{039DEE7E-10B2-4A4F-B454-3054012E2BB8}.Release|Any CPU.ActiveCfg = Release|Any CPU
		{039DEE7E-10B2-4A4F-B454-3054012E2BB8}.Release|Any CPU.Build.0 = Release|Any CPU
		{39AB0C2E-3A72-220D-C918-848998D211BB}.Debug|Any CPU.ActiveCfg = Debug|Any CPU
		{39AB0C2E-3A72-220D-C918-848998D211BB}.Debug|Any CPU.Build.0 = Debug|Any CPU
		{39AB0C2E-3A72-220D-C918-848998D211BB}.Release|Any CPU.ActiveCfg = Release|Any CPU
		{39AB0C2E-3A72-220D-C918-848998D211BB}.Release|Any CPU.Build.0 = Release|Any CPU
	EndGlobalSection
	GlobalSection(SolutionProperties) = preSolution
		HideSolutionNode = FALSE
	EndGlobalSection
	GlobalSection(ExtensibilityGlobals) = postSolution
		SolutionGuid = {8AF0C6E4-A926-42B0-A0C0-6BDF78F96664}
	EndGlobalSection
EndGlobal
